langcode: en
status: true
dependencies:
  module:
    - block_class
    - ctools
    - social_media
  theme:
    - santacity
third_party_settings:
  block_class:
    classes: ''
id: socialsharingblock
theme: santacity
region: content
weight: 28
provider: null
plugin: social_sharing_block
settings:
  id: social_sharing_block
  label: 'Social Sharing block'
  provider: social_media
  label_display: '0'
visibility:
  'entity_bundle:node':
    id: 'entity_bundle:node'
    bundles:
      events: events
    negate: false
    context_mapping:
      node: '@node.node_route_context:node'
